
Microsoft Visual Studio Solution File, Format Version 12.00
# Visual Studio 14
VisualStudioVersion = 14.0.25420.1
MinimumVisualStudioVersion = 10.0.40219.1
Project("{FAE04EC0-301F-11D3-BF4B-00C04F79EFBC}") = "KustomPhotoshop", "KustomPhotoshop\KustomPhotoshop.csproj", "{9CE8367F-6D14-4BC3-BBBC-BF8AE5D550DE}"
EndProject
Project("{8BC9CEB8-8B4A-11D0-8D11-00A0C91BC942}") = "DirectXRenderer", "DirectXRenderer\DirectXRenderer.vcxproj", "{F670EFD7-1B76-4EFA-885A-06ACC9816719}"
EndProject
Global
	GlobalSection(SolutionConfigurationPlatforms) = preSolution
		Debug|Any CPU = Debug|Any CPU
		Debug|x64 = Debug|x64
		Debug|x86 = Debug|x86
		Release|Any CPU = Release|Any CPU
		Release|x64 = Release|x64
		Release|x86 = Release|x86
	EndGlobalSection
	GlobalSection(ProjectConfigurationPlatforms) = postSolution
		{9CE8367F-6D14-4BC3-BBBC-BF8AE5D550DE}.Debug|Any CPU.ActiveCfg = Debug|Any CPU
		{9CE8367F-6D14-4BC3-BBBC-BF8AE5D550DE}.Debug|Any CPU.Build.0 = Debug|Any CPU
		{9CE8367F-6D14-4BC3-BBBC-BF8AE5D550DE}.Debug|x64.ActiveCfg = Debug|Any CPU
		{9CE8367F-6D14-4BC3-BBBC-BF8AE5D550DE}.Debug|x64.Build.0 = Debug|Any CPU
		{9CE8367F-6D14-4BC3-BBBC-BF8AE5D550DE}.Debug|x86.ActiveCfg = Debug|Any CPU
		{9CE8367F-6D14-4BC3-BBBC-BF8AE5D550DE}.Debug|x86.Build.0 = Debug|Any CPU
		{9CE8367F-6D14-4BC3-BBBC-BF8AE5D550DE}.Release|Any CPU.ActiveCfg = Release|Any CPU
		{9CE8367F-6D14-4BC3-BBBC-BF8AE5D550DE}.Release|Any CPU.Build.0 = Release|Any CPU
		{9CE8367F-6D14-4BC3-BBBC-BF8AE5D550DE}.Release|x64.ActiveCfg = Release|Any CPU
		{9CE8367F-6D14-4BC3-BBBC-BF8AE5D550DE}.Release|x64.Build.0 = Release|Any CPU
		{9CE8367F-6D14-4BC3-BBBC-BF8AE5D550DE}.Release|x86.ActiveCfg = Release|Any CPU
		{9CE8367F-6D14-4BC3-BBBC-BF8AE5D550DE}.Release|x86.Build.0 = Release|Any CPU
		{F670EFD7-1B76-4EFA-885A-06ACC9816719}.Debug|Any CPU.ActiveCfg = Debug|Win32
		{F670EFD7-1B76-4EFA-885A-06ACC9816719}.Debug|x64.ActiveCfg = Debug|x64
		{F670EFD7-1B76-4EFA-885A-06ACC9816719}.Debug|x64.Build.0 = Debug|x64
		{F670EFD7-1B76-4EFA-885A-06ACC9816719}.Debug|x86.ActiveCfg = Debug|Win32
		{F670EFD7-1B76-4EFA-885A-06ACC9816719}.Debug|x86.Build.0 = Debug|Win32
		{F670EFD7-1B76-4EFA-885A-06ACC9816719}.Release|Any CPU.ActiveCfg = Release|Win32
		{F670EFD7-1B76-4EFA-885A-06ACC9816719}.Release|x64.ActiveCfg = Release|x64
		{F670EFD7-1B76-4EFA-885A-06ACC9816719}.Release|x64.Build.0 = Release|x64
		{F670EFD7-1B76-4EFA-885A-06ACC9816719}.Release|x86.ActiveCfg = Release|Win32
		{F670EFD7-1B76-4EFA-885A-06ACC9816719}.Release|x86.Build.0 = Release|Win32
	EndGlobalSection
	GlobalSection(SolutionProperties) = preSolution
		HideSolutionNode = FALSE
	EndGlobalSection
EndGlobal
